# This file is automatically @generated by Cargo.
# It is not intended for manual editing.
version = 4

[[package]]
name = "isaacsim-app"
version = "6.0.0-rc.59"
dependencies = [
 "isaacsim-core-version",
]

[[package]]
name = "isaacsim-core-cloner"
version = "6.0.0-rc.59"
dependencies = [
 "isaacsim-scene",
]

[[package]]
name = "isaacsim-core-math"
version = "6.0.0-rc.59"

[[package]]
name = "isaacsim-core-version"
version = "6.0.0-rc.59"

[[package]]
name = "isaacsim-robot-wheeled"
version = "6.0.0-rc.59"
dependencies = [
 "isaacsim-core-math",
]

[[package]]
name = "isaacsim-scene"
version = "6.0.0-rc.59"
